
Microsoft Visual Studio Solution File, Format Version 12.00
# Visual Studio Version 16
VisualStudioVersion = 16.0.29926.136
MinimumVisualStudioVersion = 10.0.40219.1
Project("{FAE04EC0-301F-11D3-BF4B-00C04F79EFBC}") = "FindAndReplaceCAD", "FindAndReplaceCAD\FindAndReplaceCAD.csproj", "{7C83CD47-813D-4E70-8288-0BF3C8FD8BDC}"
EndProject
Global
	GlobalSection(SolutionConfigurationPlatforms) = preSolution
		Debug|Any CPU = Debug|Any CPU
		Release|Any CPU = Release|Any CPU
	EndGlobalSection
	GlobalSection(ProjectConfigurationPlatforms) = postSolution
		{7C83CD47-813D-4E70-8288-0BF3C8FD8BDC}.Debug|Any CPU.ActiveCfg = Debug|Any CPU
		{7C83CD47-813D-4E70-8288-0BF3C8FD8BDC}.Debug|Any CPU.Build.0 = Debug|Any CPU
		{7C83CD47-813D-4E70-8288-0BF3C8FD8BDC}.Release|Any CPU.ActiveCfg = Release|Any CPU
		{7C83CD47-813D-4E70-8288-0BF3C8FD8BDC}.Release|Any CPU.Build.0 = Release|Any CPU
	EndGlobalSection
	GlobalSection(SolutionProperties) = preSolution
		HideSolutionNode = FALSE
	EndGlobalSection
	GlobalSection(ExtensibilityGlobals) = postSolution
		SolutionGuid = {1BC3B15A-6954-43ED-8CDB-67EBAE6BF431}
	EndGlobalSection
EndGlobal
